
Microsoft Visual Studio Solution File, Format Version 12.00
# Visual Studio Version 16
VisualStudioVersion = 16.0.30114.105
MinimumVisualStudioVersion = 10.0.40219.1
Project("{2150E333-8FDC-42A3-9474-1A3956D46DE8}") = "Components", "Components", "{4E599FC7-4C40-4C50-969C-C16DAB4D637F}"
EndProject
Project("{2150E333-8FDC-42A3-9474-1A3956D46DE8}") = "User", "User", "{2C5AF2B9-C9B0-409E-A013-0F7487591B2A}"
EndProject
Project("{FAE04EC0-301F-11D3-BF4B-00C04F79EFBC}") = "User.Domain", "Components\User\User.Domain\User.Domain.csproj", "{E747FD18-50E7-4887-A325-31A5C5A18068}"
EndProject
Project("{2150E333-8FDC-42A3-9474-1A3956D46DE8}") = "SharedKernel", "SharedKernel", "{E5A8BDF0-EB0E-4158-9781-BDDD1AA90A2D}"
EndProject
Project("{FAE04EC0-301F-11D3-BF4B-00C04F79EFBC}") = "SharedKernel.Domain", "SharedKernel\SharedKernel.Domain\SharedKernel.Domain.csproj", "{AB3F82EE-36DE-4BE7-9173-5225B2E1D174}"
EndProject
Project("{FAE04EC0-301F-11D3-BF4B-00C04F79EFBC}") = "SharedKernel.Application", "SharedKernel\SharedKernel.Application\SharedKernel.Application.csproj", "{43C76396-9979-47FC-97A9-4F7B74D72D6C}"
EndProject
Project("{FAE04EC0-301F-11D3-BF4B-00C04F79EFBC}") = "SharedKernel.Infrastructure", "SharedKernel\SharedKernel.Infrastructure\SharedKernel.Infrastructure.csproj", "{99A1B244-7559-4873-A9DF-787D19DA3B55}"
EndProject
Project("{2150E333-8FDC-42A3-9474-1A3956D46DE8}") = "User.Test", "User.Test", "{273523FE-6035-4E2F-9405-36202B07033C}"
EndProject
Project("{FAE04EC0-301F-11D3-BF4B-00C04F79EFBC}") = "Domain.Test", "Components\User\User.Test\Domain.Test\Domain.Test.csproj", "{B0E82AD6-602C-4127-B83F-8600A896F222}"
EndProject
Project("{FAE04EC0-301F-11D3-BF4B-00C04F79EFBC}") = "User.Application", "Components\User\User.Application\User.Application.csproj", "{83AF7A1A-7E41-48CA-B512-35A163C77FFC}"
EndProject
Project("{FAE04EC0-301F-11D3-BF4B-00C04F79EFBC}") = "Application.Test", "Components\User\User.Test\Application.Test\Application.Test.csproj", "{5186B35C-330F-4C76-8D5D-A8DE0957E282}"
EndProject
Project("{FAE04EC0-301F-11D3-BF4B-00C04F79EFBC}") = "User.Infrastructure", "Components\User\User.Infrastructure\User.Infrastructure.csproj", "{7658EDFD-7FFD-427A-AF54-26C3293C4643}"
EndProject
Project("{FAE04EC0-301F-11D3-BF4B-00C04F79EFBC}") = "User.Api", "Components\User\User.Api\User.Api.csproj", "{84F7A945-2311-44D4-94FF-C6BDC91B4934}"
EndProject
Project("{2150E333-8FDC-42A3-9474-1A3956D46DE8}") = "SharedKernel.Test", "SharedKernel.Test", "{51FF8834-B116-42B4-A1EE-F91E17F52BBC}"
EndProject
Project("{FAE04EC0-301F-11D3-BF4B-00C04F79EFBC}") = "Application.Test", "SharedKernel\SharedKernel.Test\Application.Test\Application.Test.csproj", "{24538329-3FCF-44E5-B931-773AC8C0746C}"
EndProject
Project("{FAE04EC0-301F-11D3-BF4B-00C04F79EFBC}") = "SharedKernel.InterfaceAdapters", "SharedKernel\SharedKernel.InterfaceAdapters\SharedKernel.InterfaceAdapters.csproj", "{F5EBBE16-EF9D-4E15-97F8-B55C405DFAD9}"
EndProject
Project("{FAE04EC0-301F-11D3-BF4B-00C04F79EFBC}") = "Infrastructure.Test", "SharedKernel\SharedKernel.Test\Infrastructure.Test\Infrastructure.Test.csproj", "{9C76A357-269C-46E7-9A02-275C03B5160E}"
EndProject
Project("{FAE04EC0-301F-11D3-BF4B-00C04F79EFBC}") = "InterfaceAdapters.Test", "SharedKernel\SharedKernel.Test\InterfaceAdapters.Test\InterfaceAdapters.Test.csproj", "{64E252FD-9CDE-465A-8731-A76421AEF72D}"
EndProject
Project("{FAE04EC0-301F-11D3-BF4B-00C04F79EFBC}") = "Domain.Test", "SharedKernel\SharedKernel.Test\Domain.Test\Domain.Test.csproj", "{5B88A551-AF8B-4AEC-9C88-5B474D7A81B3}"
EndProject
Global
	GlobalSection(SolutionConfigurationPlatforms) = preSolution
		Debug|Any CPU = Debug|Any CPU
		Release|Any CPU = Release|Any CPU
	EndGlobalSection
	GlobalSection(SolutionProperties) = preSolution
		HideSolutionNode = FALSE
	EndGlobalSection
	GlobalSection(ProjectConfigurationPlatforms) = postSolution
		{E747FD18-50E7-4887-A325-31A5C5A18068}.Debug|Any CPU.ActiveCfg = Debug|Any CPU
		{E747FD18-50E7-4887-A325-31A5C5A18068}.Debug|Any CPU.Build.0 = Debug|Any CPU
		{E747FD18-50E7-4887-A325-31A5C5A18068}.Release|Any CPU.ActiveCfg = Release|Any CPU
		{E747FD18-50E7-4887-A325-31A5C5A18068}.Release|Any CPU.Build.0 = Release|Any CPU
		{AB3F82EE-36DE-4BE7-9173-5225B2E1D174}.Debug|Any CPU.ActiveCfg = Debug|Any CPU
		{AB3F82EE-36DE-4BE7-9173-5225B2E1D174}.Debug|Any CPU.Build.0 = Debug|Any CPU
		{AB3F82EE-36DE-4BE7-9173-5225B2E1D174}.Release|Any CPU.ActiveCfg = Release|Any CPU
		{AB3F82EE-36DE-4BE7-9173-5225B2E1D174}.Release|Any CPU.Build.0 = Release|Any CPU
		{43C76396-9979-47FC-97A9-4F7B74D72D6C}.Debug|Any CPU.ActiveCfg = Debug|Any CPU
		{43C76396-9979-47FC-97A9-4F7B74D72D6C}.Debug|Any CPU.Build.0 = Debug|Any CPU
		{43C76396-9979-47FC-97A9-4F7B74D72D6C}.Release|Any CPU.ActiveCfg = Release|Any CPU
		{43C76396-9979-47FC-97A9-4F7B74D72D6C}.Release|Any CPU.Build.0 = Release|Any CPU
		{99A1B244-7559-4873-A9DF-787D19DA3B55}.Debug|Any CPU.ActiveCfg = Debug|Any CPU
		{99A1B244-7559-4873-A9DF-787D19DA3B55}.Debug|Any CPU.Build.0 = Debug|Any CPU
		{99A1B244-7559-4873-A9DF-787D19DA3B55}.Release|Any CPU.ActiveCfg = Release|Any CPU
		{99A1B244-7559-4873-A9DF-787D19DA3B55}.Release|Any CPU.Build.0 = Release|Any CPU
		{B0E82AD6-602C-4127-B83F-8600A896F222}.Debug|Any CPU.ActiveCfg = Debug|Any CPU
		{B0E82AD6-602C-4127-B83F-8600A896F222}.Debug|Any CPU.Build.0 = Debug|Any CPU
		{B0E82AD6-602C-4127-B83F-8600A896F222}.Release|Any CPU.ActiveCfg = Release|Any CPU
		{B0E82AD6-602C-4127-B83F-8600A896F222}.Release|Any CPU.Build.0 = Release|Any CPU
		{83AF7A1A-7E41-48CA-B512-35A163C77FFC}.Debug|Any CPU.ActiveCfg = Debug|Any CPU
		{83AF7A1A-7E41-48CA-B512-35A163C77FFC}.Debug|Any CPU.Build.0 = Debug|Any CPU
		{83AF7A1A-7E41-48CA-B512-35A163C77FFC}.Release|Any CPU.ActiveCfg = Release|Any CPU
		{83AF7A1A-7E41-48CA-B512-35A163C77FFC}.Release|Any CPU.Build.0 = Release|Any CPU
		{5186B35C-330F-4C76-8D5D-A8DE0957E282}.Debug|Any CPU.ActiveCfg = Debug|Any CPU
		{5186B35C-330F-4C76-8D5D-A8DE0957E282}.Debug|Any CPU.Build.0 = Debug|Any CPU
		{5186B35C-330F-4C76-8D5D-A8DE0957E282}.Release|Any CPU.ActiveCfg = Release|Any CPU
		{5186B35C-330F-4C76-8D5D-A8DE0957E282}.Release|Any CPU.Build.0 = Release|Any CPU
		{7658EDFD-7FFD-427A-AF54-26C3293C4643}.Debug|Any CPU.ActiveCfg = Debug|Any CPU
		{7658EDFD-7FFD-427A-AF54-26C3293C4643}.Debug|Any CPU.Build.0 = Debug|Any CPU
		{7658EDFD-7FFD-427A-AF54-26C3293C4643}.Release|Any CPU.ActiveCfg = Release|Any CPU
		{7658EDFD-7FFD-427A-AF54-26C3293C4643}.Release|Any CPU.Build.0 = Release|Any CPU
		{84F7A945-2311-44D4-94FF-C6BDC91B4934}.Debug|Any CPU.ActiveCfg = Debug|Any CPU
		{84F7A945-2311-44D4-94FF-C6BDC91B4934}.Debug|Any CPU.Build.0 = Debug|Any CPU
		{84F7A945-2311-44D4-94FF-C6BDC91B4934}.Release|Any CPU.ActiveCfg = Release|Any CPU
		{84F7A945-2311-44D4-94FF-C6BDC91B4934}.Release|Any CPU.Build.0 = Release|Any CPU
		{24538329-3FCF-44E5-B931-773AC8C0746C}.Debug|Any CPU.ActiveCfg = Debug|Any CPU
		{24538329-3FCF-44E5-B931-773AC8C0746C}.Debug|Any CPU.Build.0 = Debug|Any CPU
		{24538329-3FCF-44E5-B931-773AC8C0746C}.Release|Any CPU.ActiveCfg = Release|Any CPU
		{24538329-3FCF-44E5-B931-773AC8C0746C}.Release|Any CPU.Build.0 = Release|Any CPU
		{F5EBBE16-EF9D-4E15-97F8-B55C405DFAD9}.Debug|Any CPU.ActiveCfg = Debug|Any CPU
		{F5EBBE16-EF9D-4E15-97F8-B55C405DFAD9}.Debug|Any CPU.Build.0 = Debug|Any CPU
		{F5EBBE16-EF9D-4E15-97F8-B55C405DFAD9}.Release|Any CPU.ActiveCfg = Release|Any CPU
		{F5EBBE16-EF9D-4E15-97F8-B55C405DFAD9}.Release|Any CPU.Build.0 = Release|Any CPU
		{9C76A357-269C-46E7-9A02-275C03B5160E}.Debug|Any CPU.ActiveCfg = Debug|Any CPU
		{9C76A357-269C-46E7-9A02-275C03B5160E}.Debug|Any CPU.Build.0 = Debug|Any CPU
		{9C76A357-269C-46E7-9A02-275C03B5160E}.Release|Any CPU.ActiveCfg = Release|Any CPU
		{9C76A357-269C-46E7-9A02-275C03B5160E}.Release|Any CPU.Build.0 = Release|Any CPU
		{64E252FD-9CDE-465A-8731-A76421AEF72D}.Debug|Any CPU.ActiveCfg = Debug|Any CPU
		{64E252FD-9CDE-465A-8731-A76421AEF72D}.Debug|Any CPU.Build.0 = Debug|Any CPU
		{64E252FD-9CDE-465A-8731-A76421AEF72D}.Release|Any CPU.ActiveCfg = Release|Any CPU
		{64E252FD-9CDE-465A-8731-A76421AEF72D}.Release|Any CPU.Build.0 = Release|Any CPU
		{5B88A551-AF8B-4AEC-9C88-5B474D7A81B3}.Debug|Any CPU.ActiveCfg = Debug|Any CPU
		{5B88A551-AF8B-4AEC-9C88-5B474D7A81B3}.Debug|Any CPU.Build.0 = Debug|Any CPU
		{5B88A551-AF8B-4AEC-9C88-5B474D7A81B3}.Release|Any CPU.ActiveCfg = Release|Any CPU
		{5B88A551-AF8B-4AEC-9C88-5B474D7A81B3}.Release|Any CPU.Build.0 = Release|Any CPU
	EndGlobalSection
	GlobalSection(NestedProjects) = preSolution
		{2C5AF2B9-C9B0-409E-A013-0F7487591B2A} = {4E599FC7-4C40-4C50-969C-C16DAB4D637F}
		{E747FD18-50E7-4887-A325-31A5C5A18068} = {2C5AF2B9-C9B0-409E-A013-0F7487591B2A}
		{AB3F82EE-36DE-4BE7-9173-5225B2E1D174} = {E5A8BDF0-EB0E-4158-9781-BDDD1AA90A2D}
		{43C76396-9979-47FC-97A9-4F7B74D72D6C} = {E5A8BDF0-EB0E-4158-9781-BDDD1AA90A2D}
		{99A1B244-7559-4873-A9DF-787D19DA3B55} = {E5A8BDF0-EB0E-4158-9781-BDDD1AA90A2D}
		{273523FE-6035-4E2F-9405-36202B07033C} = {2C5AF2B9-C9B0-409E-A013-0F7487591B2A}
		{B0E82AD6-602C-4127-B83F-8600A896F222} = {273523FE-6035-4E2F-9405-36202B07033C}
		{83AF7A1A-7E41-48CA-B512-35A163C77FFC} = {2C5AF2B9-C9B0-409E-A013-0F7487591B2A}
		{5186B35C-330F-4C76-8D5D-A8DE0957E282} = {273523FE-6035-4E2F-9405-36202B07033C}
		{7658EDFD-7FFD-427A-AF54-26C3293C4643} = {2C5AF2B9-C9B0-409E-A013-0F7487591B2A}
		{84F7A945-2311-44D4-94FF-C6BDC91B4934} = {2C5AF2B9-C9B0-409E-A013-0F7487591B2A}
		{51FF8834-B116-42B4-A1EE-F91E17F52BBC} = {E5A8BDF0-EB0E-4158-9781-BDDD1AA90A2D}
		{24538329-3FCF-44E5-B931-773AC8C0746C} = {51FF8834-B116-42B4-A1EE-F91E17F52BBC}
		{F5EBBE16-EF9D-4E15-97F8-B55C405DFAD9} = {E5A8BDF0-EB0E-4158-9781-BDDD1AA90A2D}
		{9C76A357-269C-46E7-9A02-275C03B5160E} = {51FF8834-B116-42B4-A1EE-F91E17F52BBC}
		{64E252FD-9CDE-465A-8731-A76421AEF72D} = {51FF8834-B116-42B4-A1EE-F91E17F52BBC}
		{5B88A551-AF8B-4AEC-9C88-5B474D7A81B3} = {51FF8834-B116-42B4-A1EE-F91E17F52BBC}
	EndGlobalSection
EndGlobal
